{
  "version": 4,
  "terraform_version": "1.1.2",
  "serial": 1,
  "lineage": "0fdc837d-4ba3-eb7a-4f15-52b864795302",
  "outputs": {},
  "resources": [
    {
      "mode": "managed",
      "type": "aws_key_pair",
      "name": "this",
      "provider": "provider[\"registry.terraform.io/hashicorp/aws\"]",
      "instances": [
        {
          "index_key": 0,
          "schema_version": 1,
          "attributes": {
            "arn": "arn:aws:ec2:us-east-1:493444970188:key-pair/terraform-20211231000059456000000001",
            "fingerprint": "80:87:46:f3:96:16:11:98:de:f1:31:f2:7c:23:0b:f0",
            "id": "terraform-20211231000059456000000001",
            "key_name": "terraform-20211231000059456000000001",
            "key_name_prefix": "terraform-",
            "key_pair_id": "key-0c37ce3f2ec320423",
            "public_key": "ssh-rsa AAAAB3NzaC1yc2EAAAADAQABAAABgQDGceDCu75Z2alf1kpUvAuCJ+jl5YHRWwFnmr0+LDKMOySpMdOLwFDaso3/23P1TI2fS/6PK/jzAF/z9UCWNja1PJRHh+uif01UKHqjw/BAZldIo3pBveuXS2hcFwRdbLZDJbbfckHg/FyOoDKeCPbqmp8QqVqOB57LqnXTnpoVauVpvMCzMMlKDiZRJ57M292uzs8CrHsrW413ganczhfUkR2hg9DLxxEpbIrIpFMDLZVTGQsvfcLEvRz3xteve1G527+qOiTJdK+YHBlxw1LSv+RivnKNzHnpbaw9SaNYqwEQ+KrZl7k5fC6n414uQ8dPdH3E360GxcAUamsoOeoPiNZMLDxXnIUJVQxOHb84YRm/mXM3r+IC2+gQtJE16p1a0Al6x+V98enyS/B2onFldO581Aqmye+wM1G+9X+33VOGoCgpE1Os7Nn6sVEUH3lwl5RC5gzybr5RNUVlMRTawps9egEu5c3v0P/Qs1oqmaESEEGAmsbcLYawpVuwU3k= dk@Users-MacBook-Pro.local",
            "tags": {
              "Terraform": "\u003c3"
            },
            "tags_all": {
              "Terraform": "\u003c3"
            }
          },
          "sensitive_attributes": [],
          "private": "eyJzY2hlbWFfdmVyc2lvbiI6IjEifQ=="
        }
      ]
    }
  ]
}
